// !$*UTF8*$!
{
	archiveVersion = 1;
	classes = {
	};
	objectVersion = 56;
	objects = {

/* Begin PBXBuildFile section */
		434FB0C5285F653100838D43 /* VisionReceiptApp.swift in Sources */ = {isa = PBXBuildFile; fileRef = 434FB0C4285F653100838D43 /* VisionReceiptApp.swift */; };
		434FB0C7285F653100838D43 /* ContentView.swift in Sources */ = {isa = PBXBuildFile; fileRef = 434FB0C6285F653100838D43 /* ContentView.swift */; };
		434FB0C9285F653500838D43 /* Assets.xcassets in Resources */ = {isa = PBXBuildFile; fileRef = 434FB0C8285F653500838D43 /* Assets.xcassets */; };
		434FB0CC285F653500838D43 /* Preview Assets.xcassets in Resources */ = {isa = PBXBuildFile; fileRef = 434FB0CB285F653500838D43 /* Preview Assets.xcassets */; };
		434FB0D3285F67D100838D43 /* ReceiptData.swift in Sources */ = {isa = PBXBuildFile; fileRef = 434FB0D2285F67D000838D43 /* ReceiptData.swift */; };
		434FB0D7285FFCCF00838D43 /* ScannerView.swift in Sources */ = {isa = PBXBuildFile; fileRef = 434FB0D6285FFCCF00838D43 /* ScannerView.swift */; };
		43A3BCC9286EE172007BBF06 /* CheckView.swift in Sources */ = {isa = PBXBuildFile; fileRef = 43A3BCC8286EE172007BBF06 /* CheckView.swift */; };
		43A3BCCB287018DF007BBF06 /* ChartsView.swift in Sources */ = {isa = PBXBuildFile; fileRef = 43A3BCCA287018DF007BBF06 /* ChartsView.swift */; };
/* End PBXBuildFile section */

/* Begin PBXFileReference section */
		434FB0C1285F653100838D43 /* VisionReceipt.app */ = {isa = PBXFileReference; explicitFileType = wrapper.application; includeInIndex = 0; path = VisionReceipt.app; sourceTree = BUILT_PRODUCTS_DIR; };
		434FB0C4285F653100838D43 /* VisionReceiptApp.swift */ = {isa = PBXFileReference; lastKnownFileType = sourcecode.swift; path = VisionReceiptApp.swift; sourceTree = "<group>"; };
		434FB0C6285F653100838D43 /* ContentView.swift */ = {isa = PBXFileReference; lastKnownFileType = sourcecode.swift; path = ContentView.swift; sourceTree = "<group>"; };
		434FB0C8285F653500838D43 /* Assets.xcassets */ = {isa = PBXFileReference; lastKnownFileType = folder.assetcatalog; path = Assets.xcassets; sourceTree = "<group>"; };
		434FB0CB285F653500838D43 /* Preview Assets.xcassets */ = {isa = PBXFileReference; lastKnownFileType = folder.assetcatalog; path = "Preview Assets.xcassets"; sourceTree = "<group>"; };
		434FB0D2285F67D000838D43 /* ReceiptData.swift */ = {isa = PBXFileReference; lastKnownFileType = sourcecode.swift; path = ReceiptData.swift; sourceTree = "<group>"; };
		434FB0D6285FFCCF00838D43 /* ScannerView.swift */ = {isa = PBXFileReference; lastKnownFileType = sourcecode.swift; path = ScannerView.swift; sourceTree = "<group>"; };
		43A3BCC8286EE172007BBF06 /* CheckView.swift */ = {isa = PBXFileReference; lastKnownFileType = sourcecode.swift; path = CheckView.swift; sourceTree = "<group>"; };
		43A3BCCA287018DF007BBF06 /* ChartsView.swift */ = {isa = PBXFileReference; lastKnownFileType = sourcecode.swift; path = ChartsView.swift; sourceTree = "<group>"; };
/* End PBXFileReference section */

/* Begin PBXFrameworksBuildPhase section */
		434FB0BE285F653100838D43 /* Frameworks */ = {
			isa = PBXFrameworksBuildPhase;
			buildActionMask = 2147483647;
			files = (
			);
			runOnlyForDeploymentPostprocessing = 0;
		};
/* End PBXFrameworksBuildPhase section */

/* Begin PBXGroup section */
		434FB0B8285F653100838D43 = {
			isa = PBXGroup;
			children = (
				434FB0C3285F653100838D43 /* VisionReceipt */,
				434FB0C2285F653100838D43 /* Products */,
			);
			sourceTree = "<group>";
		};
		434FB0C2285F653100838D43 /* Products */ = {
			isa = PBXGroup;
			children = (
				434FB0C1285F653100838D43 /* VisionReceipt.app */,
			);
			name = Products;
			sourceTree = "<group>";
		};
		434FB0C3285F653100838D43 /* VisionReceipt */ = {
			isa = PBXGroup;
			children = (
				434FB0C8285F653500838D43 /* Assets.xcassets */,
				434FB0CA285F653500838D43 /* Preview Content */,
				434FB0C4285F653100838D43 /* VisionReceiptApp.swift */,
				434FB0C6285F653100838D43 /* ContentView.swift */,
				434FB0D6285FFCCF00838D43 /* ScannerView.swift */,
				43A3BCC8286EE172007BBF06 /* CheckView.swift */,
				43A3BCCA287018DF007BBF06 /* ChartsView.swift */,
				434FB0D2285F67D000838D43 /* ReceiptData.swift */,
			);
			path = VisionReceipt;
			sourceTree = "<group>";
		};
		434FB0CA285F653500838D43 /* Preview Content */ = {
			isa = PBXGroup;
			children = (
				434FB0CB285F653500838D43 /* Preview Assets.xcassets */,
			);
			path = "Preview Content";
			sourceTree = "<group>";
		};
/* End PBXGroup section */

/* Begin PBXNativeTarget section */
		434FB0C0285F653100838D43 /* VisionReceipt */ = {
			isa = PBXNativeTarget;
			buildConfigurationList = 434FB0CF285F653500838D43 /* Build configuration list for PBXNativeTarget "VisionReceipt" */;
			buildPhases = (
				434FB0BD285F653100838D43 /* Sources */,
				434FB0BE285F653100838D43 /* Frameworks */,
				434FB0BF285F653100838D43 /* Resources */,
			);
			buildRules = (
			);
			dependencies = (
			);
			name = VisionReceipt;
			productName = VisionReceipt;
			productReference = 434FB0C1285F653100838D43 /* VisionReceipt.app */;
			productType = "com.apple.product-type.application";
		};
/* End PBXNativeTarget section */

/* Begin PBXProject section */
		434FB0B9285F653100838D43 /* Project object */ = {
			isa = PBXProject;
			attributes = {
				BuildIndependentTargetsInParallel = 1;
				LastSwiftUpdateCheck = 1400;
				LastUpgradeCheck = 1400;
				TargetAttributes = {
					434FB0C0285F653100838D43 = {
						CreatedOnToolsVersion = 14.0;
					};
				};
			};
			buildConfigurationList = 434FB0BC285F653100838D43 /* Build configuration list for PBXProject "VisionReceipt" */;
			compatibilityVersion = "Xcode 14.0";
			developmentRegion = en;
			hasScannedForEncodings = 0;
			knownRegions = (
				en,
				Base,
			);
			mainGroup = 434FB0B8285F653100838D43;
			productRefGroup = 434FB0C2285F653100838D43 /* Products */;
			projectDirPath = "";
			projectRoot = "";
			targets = (
				434FB0C0285F653100838D43 /* VisionReceipt */,
			);
		};
/* End PBXProject section */

/* Begin PBXResourcesBuildPhase section */
		434FB0BF285F653100838D43 /* Resources */ = {
			isa = PBXResourcesBuildPhase;
			buildActionMask = 2147483647;
			files = (
				434FB0CC285F653500838D43 /* Preview Assets.xcassets in Resources */,
				434FB0C9285F653500838D43 /* Assets.xcassets in Resources */,
			);
			runOnlyForDeploymentPostprocessing = 0;
		};
/* End PBXResourcesBuildPhase section */

/* Begin PBXSourcesBuildPhase section */
		434FB0BD285F653100838D43 /* Sources */ = {
			isa = PBXSourcesBuildPhase;
			buildActionMask = 2147483647;
			files = (
				434FB0C7285F653100838D43 /* ContentView.swift in Sources */,
				434FB0D3285F67D100838D43 /* ReceiptData.swift in Sources */,
				434FB0C5285F653100838D43 /* VisionReceiptApp.swift in Sources */,
				434FB0D7285FFCCF00838D43 /* ScannerView.swift in Sources */,
				43A3BCC9286EE172007BBF06 /* CheckView.swift in Sources */,
				43A3BCCB287018DF007BBF06 /* ChartsView.swift in Sources */,
			);
			runOnlyForDeploymentPostprocessing = 0;
		};
/* End PBXSourcesBuildPhase section */

/* Begin XCBuildConfiguration section */
		434FB0CD285F653500838D43 /* Debug */ = {
			isa = XCBuildConfiguration;
			buildSettings = {
				ALWAYS_SEARCH_USER_PATHS = NO;
				CLANG_ANALYZER_NONNULL = YES;
				CLANG_ANALYZER_NUMBER_OBJECT_CONVERSION = YES_AGGRESSIVE;
				CLANG_CXX_LANGUAGE_STANDARD = "gnu++17";
				CLANG_ENABLE_MODULES = YES;
				CLANG_ENABLE_OBJC_ARC = YES;
				CLANG_ENABLE_OBJC_WEAK = YES;
				CLANG_WARN_BLOCK_CAPTURE_AUTORELEASING = YES;
				CLANG_WARN_BOOL_CONVERSION = YES;
				CLANG_WARN_COMMA = YES;
				CLANG_WARN_CONSTANT_CONVERSION = YES;
				CLANG_WARN_DEPRECATED_OBJC_IMPLEMENTATIONS = YES;
				CLANG_WARN_DIRECT_OBJC_ISA_USAGE = YES_ERROR;
				CLANG_WARN_DOCUMENTATION_COMMENTS = YES;
				CLANG_WARN_EMPTY_BODY = YES;
				CLANG_WARN_ENUM_CONVERSION = YES;
				CLANG_WARN_INFINITE_RECURSION = YES;
				CLANG_WARN_INT_CONVERSION = YES;
				CLANG_WARN_NON_LITERAL_NULL_CONVERSION = YES;
				CLANG_WARN_OBJC_IMPLICIT_RETAIN_SELF = YES;
				CLANG_WARN_OBJC_LITERAL_CONVERSION = YES;
				CLANG_WARN_OBJC_ROOT_CLASS = YES_ERROR;
				CLANG_WARN_QUOTED_INCLUDE_IN_FRAMEWORK_HEADER = YES;
				CLANG_WARN_RANGE_LOOP_ANALYSIS = YES;
				CLANG_WARN_STRICT_PROTOTYPES = YES;
				CLANG_WARN_SUSPICIOUS_MOVE = YES;
				CLANG_WARN_UNGUARDED_AVAILABILITY = YES_AGGRESSIVE;
				CLANG_WARN_UNREACHABLE_CODE = YES;
				CLANG_WARN__DUPLICATE_METHOD_MATCH = YES;
				COPY_PHASE_STRIP = NO;
				DEBUG_INFORMATION_FORMAT = dwarf;
				ENABLE_STRICT_OBJC_MSGSEND = YES;
				ENABLE_TESTABILITY = YES;
				GCC_C_LANGUAGE_STANDARD = gnu11;
				GCC_DYNAMIC_NO_PIC = NO;
				GCC_NO_COMMON_BLOCKS = YES;
				GCC_OPTIMIZATION_LEVEL = 0;
				GCC_PREPROCESSOR_DEFINITIONS = (
					"DEBUG=1",
					"$(inherited)",
				);
				GCC_WARN_64_TO_32_BIT_CONVERSION = YES;
				GCC_WARN_ABOUT_RETURN_TYPE = YES_ERROR;
				GCC_WARN_UNDECLARED_SELECTOR = YES;
				GCC_WARN_UNINITIALIZED_AUTOS = YES_AGGRESSIVE;
				GCC_WARN_UNUSED_FUNCTION = YES;
				GCC_WARN_UNUSED_VARIABLE = YES;
				IPHONEOS_DEPLOYMENT_TARGET = 16.0;
				MTL_ENABLE_DEBUG_INFO = INCLUDE_SOURCE;
				MTL_FAST_MATH = YES;
				ONLY_ACTIVE_ARCH = YES;
				SDKROOT = iphoneos;
				SWIFT_ACTIVE_COMPILATION_CONDITIONS = DEBUG;
				SWIFT_OPTIMIZATION_LEVEL = "-Onone";
			};
			name = Debug;
		};
		434FB0CE285F653500838D43 /* Release */ = {
			isa = XCBuildConfiguration;
			buildSettings = {
				ALWAYS_SEARCH_USER_PATHS = NO;
				CLANG_ANALYZER_NONNULL = YES;
				CLANG_ANALYZER_NUMBER_OBJECT_CONVERSION = YES_AGGRESSIVE;
				CLANG_CXX_LANGUAGE_STANDARD = "gnu++17";
				CLANG_ENABLE_MODULES = YES;
				CLANG_ENABLE_OBJC_ARC = YES;
				CLANG_ENABLE_OBJC_WEAK = YES;
				CLANG_WARN_BLOCK_CAPTURE_AUTORELEASING = YES;
				CLANG_WARN_BOOL_CONVERSION = YES;
				CLANG_WARN_COMMA = YES;
				CLANG_WARN_CONSTANT_CONVERSION = YES;
				CLANG_WARN_DEPRECATED_OBJC_IMPLEMENTATIONS = YES;
				CLANG_WARN_DIRECT_OBJC_ISA_USAGE = YES_ERROR;
				CLANG_WARN_DOCUMENTATION_COMMENTS = YES;
				CLANG_WARN_EMPTY_BODY = YES;
				CLANG_WARN_ENUM_CONVERSION = YES;
				CLANG_WARN_INFINITE_RECURSION = YES;
				CLANG_WARN_INT_CONVERSION = YES;
				CLANG_WARN_NON_LITERAL_NULL_CONVERSION = YES;
				CLANG_WARN_OBJC_IMPLICIT_RETAIN_SELF = YES;
				CLANG_WARN_OBJC_LITERAL_CONVERSION = YES;
				CLANG_WARN_OBJC_ROOT_CLASS = YES_ERROR;
				CLANG_WARN_QUOTED_INCLUDE_IN_FRAMEWORK_HEADER = YES;
				CLANG_WARN_RANGE_LOOP_ANALYSIS = YES;
				CLANG_WARN_STRICT_PROTOTYPES = YES;
				CLANG_WARN_SUSPICIOUS_MOVE = YES;
				CLANG_WARN_UNGUARDED_AVAILABILITY = YES_AGGRESSIVE;
				CLANG_WARN_UNREACHABLE_CODE = YES;
				CLANG_WARN__DUPLICATE_METHOD_MATCH = YES;
				COPY_PHASE_STRIP = NO;
				DEBUG_INFORMATION_FORMAT = "dwarf-with-dsym";
				ENABLE_NS_ASSERTIONS = NO;
				ENABLE_STRICT_OBJC_MSGSEND = YES;
				GCC_C_LANGUAGE_STANDARD = gnu11;
				GCC_NO_COMMON_BLOCKS = YES;
				GCC_WARN_64_TO_32_BIT_CONVERSION = YES;
				GCC_WARN_ABOUT_RETURN_TYPE = YES_ERROR;
				GCC_WARN_UNDECLARED_SELECTOR = YES;
				GCC_WARN_UNINITIALIZED_AUTOS = YES_AGGRESSIVE;
				GCC_WARN_UNUSED_FUNCTION = YES;
				GCC_WARN_UNUSED_VARIABLE = YES;
				IPHONEOS_DEPLOYMENT_TARGET = 16.0;
				MTL_ENABLE_DEBUG_INFO = NO;
				MTL_FAST_MATH = YES;
				SDKROOT = iphoneos;
				SWIFT_COMPILATION_MODE = wholemodule;
				SWIFT_OPTIMIZATION_LEVEL = "-O";
				VALIDATE_PRODUCT = YES;
			};
			name = Release;
		};
		434FB0D0285F653500838D43 /* Debug */ = {
			isa = XCBuildConfiguration;
			buildSettings = {
				ASSETCATALOG_COMPILER_APPICON_NAME = AppIcon;
				ASSETCATALOG_COMPILER_GLOBAL_ACCENT_COLOR_NAME = AccentColor;
				CODE_SIGN_STYLE = Automatic;
				CURRENT_PROJECT_VERSION = 1;
				DEVELOPMENT_ASSET_PATHS = "\"VisionReceipt/Preview Content\"";
				DEVELOPMENT_TEAM = B4S4333JDW;
				ENABLE_PREVIEWS = YES;
				GENERATE_INFOPLIST_FILE = YES;
				INFOPLIST_KEY_NSCameraUsageDescription = "画像を使用します";
				INFOPLIST_KEY_NSPhotoLibraryAddUsageDescription = "画像を使用します";
				INFOPLIST_KEY_NSPhotoLibraryUsageDescription = "画像を使用します";
				INFOPLIST_KEY_UIApplicationSceneManifest_Generation = YES;
				INFOPLIST_KEY_UIApplicationSupportsIndirectInputEvents = YES;
				INFOPLIST_KEY_UILaunchScreen_Generation = YES;
				INFOPLIST_KEY_UISupportedInterfaceOrientations_iPad = "UIInterfaceOrientationPortrait UIInterfaceOrientationPortraitUpsideDown UIInterfaceOrientationLandscapeLeft UIInterfaceOrientationLandscapeRight";
				INFOPLIST_KEY_UISupportedInterfaceOrientations_iPhone = "UIInterfaceOrientationPortrait UIInterfaceOrientationLandscapeLeft UIInterfaceOrientationLandscapeRight";
				LD_RUNPATH_SEARCH_PATHS = (
					"$(inherited)",
					"@executable_path/Frameworks",
				);
				MARKETING_VERSION = 1.0;
				PRODUCT_BUNDLE_IDENTIFIER = dev.touyou.VisionReceipt;
				PRODUCT_NAME = "$(TARGET_NAME)";
				SWIFT_EMIT_LOC_STRINGS = YES;
				SWIFT_VERSION = 5.0;
				TARGETED_DEVICE_FAMILY = "1,2";
			};
			name = Debug;
		};
		434FB0D1285F653500838D43 /* Release */ = {
			isa = XCBuildConfiguration;
			buildSettings = {
				ASSETCATALOG_COMPILER_APPICON_NAME = AppIcon;
				ASSETCATALOG_COMPILER_GLOBAL_ACCENT_COLOR_NAME = AccentColor;
				CODE_SIGN_STYLE = Automatic;
				CURRENT_PROJECT_VERSION = 1;
				DEVELOPMENT_ASSET_PATHS = "\"VisionReceipt/Preview Content\"";
				DEVELOPMENT_TEAM = B4S4333JDW;
				ENABLE_PREVIEWS = YES;
				GENERATE_INFOPLIST_FILE = YES;
				INFOPLIST_KEY_NSCameraUsageDescription = "画像を使用します";
				INFOPLIST_KEY_NSPhotoLibraryAddUsageDescription = "画像を使用します";
				INFOPLIST_KEY_NSPhotoLibraryUsageDescription = "画像を使用します";
				INFOPLIST_KEY_UIApplicationSceneManifest_Generation = YES;
				INFOPLIST_KEY_UIApplicationSupportsIndirectInputEvents = YES;
				INFOPLIST_KEY_UILaunchScreen_Generation = YES;
				INFOPLIST_KEY_UISupportedInterfaceOrientations_iPad = "UIInterfaceOrientationPortrait UIInterfaceOrientationPortraitUpsideDown UIInterfaceOrientationLandscapeLeft UIInterfaceOrientationLandscapeRight";
				INFOPLIST_KEY_UISupportedInterfaceOrientations_iPhone = "UIInterfaceOrientationPortrait UIInterfaceOrientationLandscapeLeft UIInterfaceOrientationLandscapeRight";
				LD_RUNPATH_SEARCH_PATHS = (
					"$(inherited)",
					"@executable_path/Frameworks",
				);
				MARKETING_VERSION = 1.0;
				PRODUCT_BUNDLE_IDENTIFIER = dev.touyou.VisionReceipt;
				PRODUCT_NAME = "$(TARGET_NAME)";
				SWIFT_EMIT_LOC_STRINGS = YES;
				SWIFT_VERSION = 5.0;
				TARGETED_DEVICE_FAMILY = "1,2";
			};
			name = Release;
		};
/* End XCBuildConfiguration section */

/* Begin XCConfigurationList section */
		434FB0BC285F653100838D43 /* Build configuration list for PBXProject "VisionReceipt" */ = {
			isa = XCConfigurationList;
			buildConfigurations = (
				434FB0CD285F653500838D43 /* Debug */,
				434FB0CE285F653500838D43 /* Release */,
			);
			defaultConfigurationIsVisible = 0;
			defaultConfigurationName = Release;
		};
		434FB0CF285F653500838D43 /* Build configuration list for PBXNativeTarget "VisionReceipt" */ = {
			isa = XCConfigurationList;
			buildConfigurations = (
				434FB0D0285F653500838D43 /* Debug */,
				434FB0D1285F653500838D43 /* Release */,
			);
			defaultConfigurationIsVisible = 0;
			defaultConfigurationName = Release;
		};
/* End XCConfigurationList section */
	};
	rootObject = 434FB0B9285F653100838D43 /* Project object */;
}
